
Microsoft Visual Studio Solution File, Format Version 12.00
# Visual Studio 15
Project("{FAE04EC0-301F-11D3-BF4B-00C04F79EFBC}") = "AngryBird", "AngryBird.csproj", "{F8ADA55E-2FE4-48F2-A5EE-EC358D6BE413}"
EndProject
Global
	GlobalSection(SolutionConfigurationPlatforms) = preSolution
		Debug|Any CPU = Debug|Any CPU
		Release|Any CPU = Release|Any CPU
	EndGlobalSection
	GlobalSection(ProjectConfigurationPlatforms) = postSolution
		{F8ADA55E-2FE4-48F2-A5EE-EC358D6BE413}.Debug|Any CPU.ActiveCfg = Debug|Any CPU
		{F8ADA55E-2FE4-48F2-A5EE-EC358D6BE413}.Debug|Any CPU.Build.0 = Debug|Any CPU
		{F8ADA55E-2FE4-48F2-A5EE-EC358D6BE413}.Release|Any CPU.ActiveCfg = Release|Any CPU
		{F8ADA55E-2FE4-48F2-A5EE-EC358D6BE413}.Release|Any CPU.Build.0 = Release|Any CPU
	EndGlobalSection
EndGlobal
